// !$*UTF8*$!
{
	archiveVersion = 1;
	classes = {
	};
	objectVersion = 77;
	objects = {

/* Begin PBXContainerItemProxy section */
		6859CD0D2F61D025006B6DBF /* PBXContainerItemProxy */ = {
			isa = PBXContainerItemProxy;
			containerPortal = 6859CCF72F61D020006B6DBF /* Project object */;
			proxyType = 1;
			remoteGlobalIDString = 6859CCFE2F61D020006B6DBF;
			remoteInfo = "pinhole-cam";
		};
		6859CD172F61D025006B6DBF /* PBXContainerItemProxy */ = {
			isa = PBXContainerItemProxy;
			containerPortal = 6859CCF72F61D020006B6DBF /* Project object */;
			proxyType = 1;
			remoteGlobalIDString = 6859CCFE2F61D020006B6DBF;
			remoteInfo = "pinhole-cam";
		};
/* End PBXContainerItemProxy section */

/* Begin PBXFileReference section */
		6859CCFF2F61D020006B6DBF /* pinhole-cam.app */ = {isa = PBXFileReference; explicitFileType = wrapper.application; includeInIndex = 0; path = "pinhole-cam.app"; sourceTree = BUILT_PRODUCTS_DIR; };
		6859CD0C2F61D025006B6DBF /* pinhole-camTests.xctest */ = {isa = PBXFileReference; explicitFileType = wrapper.cfbundle; includeInIndex = 0; path = "pinhole-camTests.xctest"; sourceTree = BUILT_PRODUCTS_DIR; };
		6859CD162F61D025006B6DBF /* pinhole-camUITests.xctest */ = {isa = PBXFileReference; explicitFileType = wrapper.cfbundle; includeInIndex = 0; path = "pinhole-camUITests.xctest"; sourceTree = BUILT_PRODUCTS_DIR; };
/* End PBXFileReference section */

/* Begin PBXFileSystemSynchronizedRootGroup section */
		6859CD012F61D020006B6DBF /* pinhole-cam */ = {
			isa = PBXFileSystemSynchronizedRootGroup;
			path = "pinhole-cam";
			sourceTree = "<group>";
		};
		6859CD0F2F61D025006B6DBF /* pinhole-camTests */ = {
			isa = PBXFileSystemSynchronizedRootGroup;
			path = "pinhole-camTests";
			sourceTree = "<group>";
		};
		6859CD192F61D025006B6DBF /* pinhole-camUITests */ = {
			isa = PBXFileSystemSynchronizedRootGroup;
			path = "pinhole-camUITests";
			sourceTree = "<group>";
		};
/* End PBXFileSystemSynchronizedRootGroup section */

/* Begin PBXFrameworksBuildPhase section */
		6859CCFC2F61D020006B6DBF /* Frameworks */ = {
			isa = PBXFrameworksBuildPhase;
			buildActionMask = 2147483647;
			files = (
			);
			runOnlyForDeploymentPostprocessing = 0;
		};
		6859CD092F61D025006B6DBF /* Frameworks */ = {
			isa = PBXFrameworksBuildPhase;
			buildActionMask = 2147483647;
			files = (
			);
			runOnlyForDeploymentPostprocessing = 0;
		};
		6859CD132F61D025006B6DBF /* Frameworks */ = {
			isa = PBXFrameworksBuildPhase;
			buildActionMask = 2147483647;
			files = (
			);
			runOnlyForDeploymentPostprocessing = 0;
		};
/* End PBXFrameworksBuildPhase section */

/* Begin PBXGroup section */
		6859CCF62F61D020006B6DBF = {
			isa = PBXGroup;
			children = (
				6859CD012F61D020006B6DBF /* pinhole-cam */,
				6859CD0F2F61D025006B6DBF /* pinhole-camTests */,
				6859CD192F61D025006B6DBF /* pinhole-camUITests */,
				6859CD002F61D020006B6DBF /* Products */,
			);
			sourceTree = "<group>";
		};
		6859CD002F61D020006B6DBF /* Products */ = {
			isa = PBXGroup;
			children = (
				6859CCFF2F61D020006B6DBF /* pinhole-cam.app */,
				6859CD0C2F61D025006B6DBF /* pinhole-camTests.xctest */,
				6859CD162F61D025006B6DBF /* pinhole-camUITests.xctest */,
			);
			name = Products;
			sourceTree = "<group>";
		};
/* End PBXGroup section */

/* Begin PBXNativeTarget section */
		6859CCFE2F61D020006B6DBF /* pinhole-cam */ = {
			isa = PBXNativeTarget;
			buildConfigurationList = 6859CD202F61D025006B6DBF /* Build configuration list for PBXNativeTarget "pinhole-cam" */;
			buildPhases = (
				6859CCFB2F61D020006B6DBF /* Sources */,
				6859CCFC2F61D020006B6DBF /* Frameworks */,
				6859CCFD2F61D020006B6DBF /* Resources */,
			);
			buildRules = (
			);
			dependencies = (
			);
			fileSystemSynchronizedGroups = (
				6859CD012F61D020006B6DBF /* pinhole-cam */,
			);
			name = "pinhole-cam";
			packageProductDependencies = (
			);
			productName = "pinhole-cam";
			productReference = 6859CCFF2F61D020006B6DBF /* pinhole-cam.app */;
			productType = "com.apple.product-type.application";
		};
		6859CD0B2F61D025006B6DBF /* pinhole-camTests */ = {
			isa = PBXNativeTarget;
			buildConfigurationList = 6859CD232F61D025006B6DBF /* Build configuration list for PBXNativeTarget "pinhole-camTests" */;
			buildPhases = (
				6859CD082F61D025006B6DBF /* Sources */,
				6859CD092F61D025006B6DBF /* Frameworks */,
				6859CD0A2F61D025006B6DBF /* Resources */,
			);
			buildRules = (
			);
			dependencies = (
				6859CD0E2F61D025006B6DBF /* PBXTargetDependency */,
			);
			fileSystemSynchronizedGroups = (
				6859CD0F2F61D025006B6DBF /* pinhole-camTests */,
			);
			name = "pinhole-camTests";
			packageProductDependencies = (
			);
			productName = "pinhole-camTests";
			productReference = 6859CD0C2F61D025006B6DBF /* pinhole-camTests.xctest */;
			productType = "com.apple.product-type.bundle.unit-test";
		};
		6859CD152F61D025006B6DBF /* pinhole-camUITests */ = {
			isa = PBXNativeTarget;
			buildConfigurationList = 6859CD262F61D025006B6DBF /* Build configuration list for PBXNativeTarget "pinhole-camUITests" */;
			buildPhases = (
				6859CD122F61D025006B6DBF /* Sources */,
				6859CD132F61D025006B6DBF /* Frameworks */,
				6859CD142F61D025006B6DBF /* Resources */,
			);
			buildRules = (
			);
			dependencies = (
				6859CD182F61D025006B6DBF /* PBXTargetDependency */,
			);
			fileSystemSynchronizedGroups = (
				6859CD192F61D025006B6DBF /* pinhole-camUITests */,
			);
			name = "pinhole-camUITests";
			packageProductDependencies = (
			);
			productName = "pinhole-camUITests";
			productReference = 6859CD162F61D025006B6DBF /* pinhole-camUITests.xctest */;
			productType = "com.apple.product-type.bundle.ui-testing";
		};
/* End PBXNativeTarget section */

/* Begin PBXProject section */
		6859CCF72F61D020006B6DBF /* Project object */ = {
			isa = PBXProject;
			attributes = {
				BuildIndependentTargetsInParallel = 1;
				LastSwiftUpdateCheck = 1640;
				LastUpgradeCheck = 1640;
				TargetAttributes = {
					6859CCFE2F61D020006B6DBF = {
						CreatedOnToolsVersion = 16.4;
					};
					6859CD0B2F61D025006B6DBF = {
						CreatedOnToolsVersion = 16.4;
						TestTargetID = 6859CCFE2F61D020006B6DBF;
					};
					6859CD152F61D025006B6DBF = {
						CreatedOnToolsVersion = 16.4;
						TestTargetID = 6859CCFE2F61D020006B6DBF;
					};
				};
			};
			buildConfigurationList = 6859CCFA2F61D020006B6DBF /* Build configuration list for PBXProject "pinhole-cam" */;
			developmentRegion = en;
			hasScannedForEncodings = 0;
			knownRegions = (
				en,
				Base,
			);
			mainGroup = 6859CCF62F61D020006B6DBF;
			minimizedProjectReferenceProxies = 1;
			preferredProjectObjectVersion = 77;
			productRefGroup = 6859CD002F61D020006B6DBF /* Products */;
			projectDirPath = "";
			projectRoot = "";
			targets = (
				6859CCFE2F61D020006B6DBF /* pinhole-cam */,
				6859CD0B2F61D025006B6DBF /* pinhole-camTests */,
				6859CD152F61D025006B6DBF /* pinhole-camUITests */,
			);
		};
/* End PBXProject section */

/* Begin PBXResourcesBuildPhase section */
		6859CCFD2F61D020006B6DBF /* Resources */ = {
			isa = PBXResourcesBuildPhase;
			buildActionMask = 2147483647;
			files = (
			);
			runOnlyForDeploymentPostprocessing = 0;
		};
		6859CD0A2F61D025006B6DBF /* Resources */ = {
			isa = PBXResourcesBuildPhase;
			buildActionMask = 2147483647;
			files = (
			);
			runOnlyForDeploymentPostprocessing = 0;
		};
		6859CD142F61D025006B6DBF /* Resources */ = {
			isa = PBXResourcesBuildPhase;
			buildActionMask = 2147483647;
			files = (
			);
			runOnlyForDeploymentPostprocessing = 0;
		};
/* End PBXResourcesBuildPhase section */

/* Begin PBXSourcesBuildPhase section */
		6859CCFB2F61D020006B6DBF /* Sources */ = {
			isa = PBXSourcesBuildPhase;
			buildActionMask = 2147483647;
			files = (
			);
			runOnlyForDeploymentPostprocessing = 0;
		};
		6859CD082F61D025006B6DBF /* Sources */ = {
			isa = PBXSourcesBuildPhase;
			buildActionMask = 2147483647;
			files = (
			);
			runOnlyForDeploymentPostprocessing = 0;
		};
		6859CD122F61D025006B6DBF /* Sources */ = {
			isa = PBXSourcesBuildPhase;
			buildActionMask = 2147483647;
			files = (
			);
			runOnlyForDeploymentPostprocessing = 0;
		};
/* End PBXSourcesBuildPhase section */

/* Begin PBXTargetDependency section */
		6859CD0E2F61D025006B6DBF /* PBXTargetDependency */ = {
			isa = PBXTargetDependency;
			target = 6859CCFE2F61D020006B6DBF /* pinhole-cam */;
			targetProxy = 6859CD0D2F61D025006B6DBF /* PBXContainerItemProxy */;
		};
		6859CD182F61D025006B6DBF /* PBXTargetDependency */ = {
			isa = PBXTargetDependency;
			target = 6859CCFE2F61D020006B6DBF /* pinhole-cam */;
			targetProxy = 6859CD172F61D025006B6DBF /* PBXContainerItemProxy */;
		};
/* End PBXTargetDependency section */

/* Begin XCBuildConfiguration section */
		6859CD1E2F61D025006B6DBF /* Debug */ = {
			isa = XCBuildConfiguration;
			buildSettings = {
				ALWAYS_SEARCH_USER_PATHS = NO;
				ASSETCATALOG_COMPILER_GENERATE_SWIFT_ASSET_SYMBOL_EXTENSIONS = YES;
				CLANG_ANALYZER_NONNULL = YES;
				CLANG_ANALYZER_NUMBER_OBJECT_CONVERSION = YES_AGGRESSIVE;
				CLANG_CXX_LANGUAGE_STANDARD = "gnu++20";
				CLANG_ENABLE_MODULES = YES;
				CLANG_ENABLE_OBJC_ARC = YES;
				CLANG_ENABLE_OBJC_WEAK = YES;
				CLANG_WARN_BLOCK_CAPTURE_AUTORELEASING = YES;
				CLANG_WARN_BOOL_CONVERSION = YES;
				CLANG_WARN_COMMA = YES;
				CLANG_WARN_CONSTANT_CONVERSION = YES;
				CLANG_WARN_DEPRECATED_OBJC_IMPLEMENTATIONS = YES;
				CLANG_WARN_DIRECT_OBJC_ISA_USAGE = YES_ERROR;
				CLANG_WARN_DOCUMENTATION_COMMENTS = YES;
				CLANG_WARN_EMPTY_BODY = YES;
				CLANG_WARN_ENUM_CONVERSION = YES;
				CLANG_WARN_INFINITE_RECURSION = YES;
				CLANG_WARN_INT_CONVERSION = YES;
				CLANG_WARN_NON_LITERAL_NULL_CONVERSION = YES;
				CLANG_WARN_OBJC_IMPLICIT_RETAIN_SELF = YES;
				CLANG_WARN_OBJC_LITERAL_CONVERSION = YES;
				CLANG_WARN_OBJC_ROOT_CLASS = YES_ERROR;
				CLANG_WARN_QUOTED_INCLUDE_IN_FRAMEWORK_HEADER = YES;
				CLANG_WARN_RANGE_LOOP_ANALYSIS = YES;
				CLANG_WARN_STRICT_PROTOTYPES = YES;
				CLANG_WARN_SUSPICIOUS_MOVE = YES;
				CLANG_WARN_UNGUARDED_AVAILABILITY = YES_AGGRESSIVE;
				CLANG_WARN_UNREACHABLE_CODE = YES;
				CLANG_WARN__DUPLICATE_METHOD_MATCH = YES;
				COPY_PHASE_STRIP = NO;
				DEBUG_INFORMATION_FORMAT = dwarf;
				DEVELOPMENT_TEAM = PY3D7QH95F;
				ENABLE_STRICT_OBJC_MSGSEND = YES;
				ENABLE_TESTABILITY = YES;
				ENABLE_USER_SCRIPT_SANDBOXING = YES;
				GCC_C_LANGUAGE_STANDARD = gnu17;
				GCC_DYNAMIC_NO_PIC = NO;
				GCC_NO_COMMON_BLOCKS = YES;
				GCC_OPTIMIZATION_LEVEL = 0;
				GCC_PREPROCESSOR_DEFINITIONS = (
					"DEBUG=1",
					"$(inherited)",
				);
				GCC_WARN_64_TO_32_BIT_CONVERSION = YES;
				GCC_WARN_ABOUT_RETURN_TYPE = YES_ERROR;
				GCC_WARN_UNDECLARED_SELECTOR = YES;
				GCC_WARN_UNINITIALIZED_AUTOS = YES_AGGRESSIVE;
				GCC_WARN_UNUSED_FUNCTION = YES;
				GCC_WARN_UNUSED_VARIABLE = YES;
				IPHONEOS_DEPLOYMENT_TARGET = 18.5;
				LOCALIZATION_PREFERS_STRING_CATALOGS = YES;
				MTL_ENABLE_DEBUG_INFO = INCLUDE_SOURCE;
				MTL_FAST_MATH = YES;
				ONLY_ACTIVE_ARCH = YES;
				SDKROOT = iphoneos;
				SWIFT_ACTIVE_COMPILATION_CONDITIONS = "DEBUG $(inherited)";
				SWIFT_OPTIMIZATION_LEVEL = "-Onone";
			};
			name = Debug;
		};
		6859CD1F2F61D025006B6DBF /* Release */ = {
			isa = XCBuildConfiguration;
			buildSettings = {
				ALWAYS_SEARCH_USER_PATHS = NO;
				ASSETCATALOG_COMPILER_GENERATE_SWIFT_ASSET_SYMBOL_EXTENSIONS = YES;
				CLANG_ANALYZER_NONNULL = YES;
				CLANG_ANALYZER_NUMBER_OBJECT_CONVERSION = YES_AGGRESSIVE;
				CLANG_CXX_LANGUAGE_STANDARD = "gnu++20";
				CLANG_ENABLE_MODULES = YES;
				CLANG_ENABLE_OBJC_ARC = YES;
				CLANG_ENABLE_OBJC_WEAK = YES;
				CLANG_WARN_BLOCK_CAPTURE_AUTORELEASING = YES;
				CLANG_WARN_BOOL_CONVERSION = YES;
				CLANG_WARN_COMMA = YES;
				CLANG_WARN_CONSTANT_CONVERSION = YES;
				CLANG_WARN_DEPRECATED_OBJC_IMPLEMENTATIONS = YES;
				CLANG_WARN_DIRECT_OBJC_ISA_USAGE = YES_ERROR;
				CLANG_WARN_DOCUMENTATION_COMMENTS = YES;
				CLANG_WARN_EMPTY_BODY = YES;
				CLANG_WARN_ENUM_CONVERSION = YES;
				CLANG_WARN_INFINITE_RECURSION = YES;
				CLANG_WARN_INT_CONVERSION = YES;
				CLANG_WARN_NON_LITERAL_NULL_CONVERSION = YES;
				CLANG_WARN_OBJC_IMPLICIT_RETAIN_SELF = YES;
				CLANG_WARN_OBJC_LITERAL_CONVERSION = YES;
				CLANG_WARN_OBJC_ROOT_CLASS = YES_ERROR;
				CLANG_WARN_QUOTED_INCLUDE_IN_FRAMEWORK_HEADER = YES;
				CLANG_WARN_RANGE_LOOP_ANALYSIS = YES;
				CLANG_WARN_STRICT_PROTOTYPES = YES;
				CLANG_WARN_SUSPICIOUS_MOVE = YES;
				CLANG_WARN_UNGUARDED_AVAILABILITY = YES_AGGRESSIVE;
				CLANG_WARN_UNREACHABLE_CODE = YES;
				CLANG_WARN__DUPLICATE_METHOD_MATCH = YES;
				COPY_PHASE_STRIP = NO;
				DEBUG_INFORMATION_FORMAT = "dwarf-with-dsym";
				DEVELOPMENT_TEAM = PY3D7QH95F;
				ENABLE_NS_ASSERTIONS = NO;
				ENABLE_STRICT_OBJC_MSGSEND = YES;
				ENABLE_USER_SCRIPT_SANDBOXING = YES;
				GCC_C_LANGUAGE_STANDARD = gnu17;
				GCC_NO_COMMON_BLOCKS = YES;
				GCC_WARN_64_TO_32_BIT_CONVERSION = YES;
				GCC_WARN_ABOUT_RETURN_TYPE = YES_ERROR;
				GCC_WARN_UNDECLARED_SELECTOR = YES;
				GCC_WARN_UNINITIALIZED_AUTOS = YES_AGGRESSIVE;
				GCC_WARN_UNUSED_FUNCTION = YES;
				GCC_WARN_UNUSED_VARIABLE = YES;
				IPHONEOS_DEPLOYMENT_TARGET = 18.5;
				LOCALIZATION_PREFERS_STRING_CATALOGS = YES;
				MTL_ENABLE_DEBUG_INFO = NO;
				MTL_FAST_MATH = YES;
				SDKROOT = iphoneos;
				SWIFT_COMPILATION_MODE = wholemodule;
				VALIDATE_PRODUCT = YES;
			};
			name = Release;
		};
		6859CD212F61D025006B6DBF /* Debug */ = {
			isa = XCBuildConfiguration;
			buildSettings = {
				ASSETCATALOG_COMPILER_APPICON_NAME = AppIcon;
				ASSETCATALOG_COMPILER_GLOBAL_ACCENT_COLOR_NAME = AccentColor;
				CODE_SIGN_STYLE = Automatic;
				CURRENT_PROJECT_VERSION = 1;
				DEVELOPMENT_TEAM = PY3D7QH95F;
				ENABLE_PREVIEWS = YES;
				GENERATE_INFOPLIST_FILE = YES;
				INFOPLIST_KEY_UIApplicationSceneManifest_Generation = YES;
				INFOPLIST_KEY_UIApplicationSupportsIndirectInputEvents = YES;
				INFOPLIST_KEY_UILaunchScreen_Generation = YES;
				INFOPLIST_KEY_UISupportedInterfaceOrientations_iPad = "UIInterfaceOrientationPortrait UIInterfaceOrientationPortraitUpsideDown UIInterfaceOrientationLandscapeLeft UIInterfaceOrientationLandscapeRight";
				INFOPLIST_KEY_UISupportedInterfaceOrientations_iPhone = "UIInterfaceOrientationPortrait UIInterfaceOrientationLandscapeLeft UIInterfaceOrientationLandscapeRight";
				LD_RUNPATH_SEARCH_PATHS = (
					"$(inherited)",
					"@executable_path/Frameworks",
				);
				MARKETING_VERSION = 1.0;
				PRODUCT_BUNDLE_IDENTIFIER = "TrashPandaRX.pinhole-cam";
				PRODUCT_NAME = "$(TARGET_NAME)";
				SWIFT_EMIT_LOC_STRINGS = YES;
				SWIFT_VERSION = 5.0;
				TARGETED_DEVICE_FAMILY = "1,2";
			};
			name = Debug;
		};
		6859CD222F61D025006B6DBF /* Release */ = {
			isa = XCBuildConfiguration;
			buildSettings = {
				ASSETCATALOG_COMPILER_APPICON_NAME = AppIcon;
				ASSETCATALOG_COMPILER_GLOBAL_ACCENT_COLOR_NAME = AccentColor;
				CODE_SIGN_STYLE = Automatic;
				CURRENT_PROJECT_VERSION = 1;
				DEVELOPMENT_TEAM = PY3D7QH95F;
				ENABLE_PREVIEWS = YES;
				GENERATE_INFOPLIST_FILE = YES;
				INFOPLIST_KEY_UIApplicationSceneManifest_Generation = YES;
				INFOPLIST_KEY_UIApplicationSupportsIndirectInputEvents = YES;
				INFOPLIST_KEY_UILaunchScreen_Generation = YES;
				INFOPLIST_KEY_UISupportedInterfaceOrientations_iPad = "UIInterfaceOrientationPortrait UIInterfaceOrientationPortraitUpsideDown UIInterfaceOrientationLandscapeLeft UIInterfaceOrientationLandscapeRight";
				INFOPLIST_KEY_UISupportedInterfaceOrientations_iPhone = "UIInterfaceOrientationPortrait UIInterfaceOrientationLandscapeLeft UIInterfaceOrientationLandscapeRight";
				LD_RUNPATH_SEARCH_PATHS = (
					"$(inherited)",
					"@executable_path/Frameworks",
				);
				MARKETING_VERSION = 1.0;
				PRODUCT_BUNDLE_IDENTIFIER = "TrashPandaRX.pinhole-cam";
				PRODUCT_NAME = "$(TARGET_NAME)";
				SWIFT_EMIT_LOC_STRINGS = YES;
				SWIFT_VERSION = 5.0;
				TARGETED_DEVICE_FAMILY = "1,2";
			};
			name = Release;
		};
		6859CD242F61D025006B6DBF /* Debug */ = {
			isa = XCBuildConfiguration;
			buildSettings = {
				BUNDLE_LOADER = "$(TEST_HOST)";
				CODE_SIGN_STYLE = Automatic;
				CURRENT_PROJECT_VERSION = 1;
				DEVELOPMENT_TEAM = PY3D7QH95F;
				GENERATE_INFOPLIST_FILE = YES;
				IPHONEOS_DEPLOYMENT_TARGET = 18.5;
				MARKETING_VERSION = 1.0;
				PRODUCT_BUNDLE_IDENTIFIER = "TrashPandaRX.pinhole-camTests";
				PRODUCT_NAME = "$(TARGET_NAME)";
				SWIFT_EMIT_LOC_STRINGS = NO;
				SWIFT_VERSION = 5.0;
				TARGETED_DEVICE_FAMILY = "1,2";
				TEST_HOST = "$(BUILT_PRODUCTS_DIR)/pinhole-cam.app/$(BUNDLE_EXECUTABLE_FOLDER_PATH)/pinhole-cam";
			};
			name = Debug;
		};
		6859CD252F61D025006B6DBF /* Release */ = {
			isa = XCBuildConfiguration;
			buildSettings = {
				BUNDLE_LOADER = "$(TEST_HOST)";
				CODE_SIGN_STYLE = Automatic;
				CURRENT_PROJECT_VERSION = 1;
				DEVELOPMENT_TEAM = PY3D7QH95F;
				GENERATE_INFOPLIST_FILE = YES;
				IPHONEOS_DEPLOYMENT_TARGET = 18.5;
				MARKETING_VERSION = 1.0;
				PRODUCT_BUNDLE_IDENTIFIER = "TrashPandaRX.pinhole-camTests";
				PRODUCT_NAME = "$(TARGET_NAME)";
				SWIFT_EMIT_LOC_STRINGS = NO;
				SWIFT_VERSION = 5.0;
				TARGETED_DEVICE_FAMILY = "1,2";
				TEST_HOST = "$(BUILT_PRODUCTS_DIR)/pinhole-cam.app/$(BUNDLE_EXECUTABLE_FOLDER_PATH)/pinhole-cam";
			};
			name = Release;
		};
		6859CD272F61D025006B6DBF /* Debug */ = {
			isa = XCBuildConfiguration;
			buildSettings = {
				CODE_SIGN_STYLE = Automatic;
				CURRENT_PROJECT_VERSION = 1;
				DEVELOPMENT_TEAM = PY3D7QH95F;
				GENERATE_INFOPLIST_FILE = YES;
				MARKETING_VERSION = 1.0;
				PRODUCT_BUNDLE_IDENTIFIER = "TrashPandaRX.pinhole-camUITests";
				PRODUCT_NAME = "$(TARGET_NAME)";
				SWIFT_EMIT_LOC_STRINGS = NO;
				SWIFT_VERSION = 5.0;
				TARGETED_DEVICE_FAMILY = "1,2";
				TEST_TARGET_NAME = "pinhole-cam";
			};
			name = Debug;
		};
		6859CD282F61D025006B6DBF /* Release */ = {
			isa = XCBuildConfiguration;
			buildSettings = {
				CODE_SIGN_STYLE = Automatic;
				CURRENT_PROJECT_VERSION = 1;
				DEVELOPMENT_TEAM = PY3D7QH95F;
				GENERATE_INFOPLIST_FILE = YES;
				MARKETING_VERSION = 1.0;
				PRODUCT_BUNDLE_IDENTIFIER = "TrashPandaRX.pinhole-camUITests";
				PRODUCT_NAME = "$(TARGET_NAME)";
				SWIFT_EMIT_LOC_STRINGS = NO;
				SWIFT_VERSION = 5.0;
				TARGETED_DEVICE_FAMILY = "1,2";
				TEST_TARGET_NAME = "pinhole-cam";
			};
			name = Release;
		};
/* End XCBuildConfiguration section */

/* Begin XCConfigurationList section */
		6859CCFA2F61D020006B6DBF /* Build configuration list for PBXProject "pinhole-cam" */ = {
			isa = XCConfigurationList;
			buildConfigurations = (
				6859CD1E2F61D025006B6DBF /* Debug */,
				6859CD1F2F61D025006B6DBF /* Release */,
			);
			defaultConfigurationIsVisible = 0;
			defaultConfigurationName = Release;
		};
		6859CD202F61D025006B6DBF /* Build configuration list for PBXNativeTarget "pinhole-cam" */ = {
			isa = XCConfigurationList;
			buildConfigurations = (
				6859CD212F61D025006B6DBF /* Debug */,
				6859CD222F61D025006B6DBF /* Release */,
			);
			defaultConfigurationIsVisible = 0;
			defaultConfigurationName = Release;
		};
		6859CD232F61D025006B6DBF /* Build configuration list for PBXNativeTarget "pinhole-camTests" */ = {
			isa = XCConfigurationList;
			buildConfigurations = (
				6859CD242F61D025006B6DBF /* Debug */,
				6859CD252F61D025006B6DBF /* Release */,
			);
			defaultConfigurationIsVisible = 0;
			defaultConfigurationName = Release;
		};
		6859CD262F61D025006B6DBF /* Build configuration list for PBXNativeTarget "pinhole-camUITests" */ = {
			isa = XCConfigurationList;
			buildConfigurations = (
				6859CD272F61D025006B6DBF /* Debug */,
				6859CD282F61D025006B6DBF /* Release */,
			);
			defaultConfigurationIsVisible = 0;
			defaultConfigurationName = Release;
		};
/* End XCConfigurationList section */
	};
	rootObject = 6859CCF72F61D020006B6DBF /* Project object */;
}
